// !$*UTF8*$!
{
	archiveVersion = 1;
	classes = {
	};
	objectVersion = 55;
	objects = {

/* Begin PBXBuildFile section */
		D09924D828937123008112DB /* main.swift in Sources */ = {isa = PBXBuildFile; fileRef = D09924D728937123008112DB /* main.swift */; };
		D09924DA28937123008112DB /* ContentView.swift in Sources */ = {isa = PBXBuildFile; fileRef = D09924D928937123008112DB /* ContentView.swift */; };
		D09924DC28937124008112DB /* Assets.xcassets in Resources */ = {isa = PBXBuildFile; fileRef = D09924DB28937124008112DB /* Assets.xcassets */; };
		D09924DF28937124008112DB /* Preview Assets.xcassets in Resources */ = {isa = PBXBuildFile; fileRef = D09924DE28937124008112DB /* Preview Assets.xcassets */; };
		D09924EA28937124008112DB /* structPractice0Tests.swift in Sources */ = {isa = PBXBuildFile; fileRef = D09924E928937124008112DB /* structPractice0Tests.swift */; };
		D09924F428937124008112DB /* structPractice0UITests.swift in Sources */ = {isa = PBXBuildFile; fileRef = D09924F328937124008112DB /* structPractice0UITests.swift */; };
		D09924F628937124008112DB /* structPractice0UITestsLaunchTests.swift in Sources */ = {isa = PBXBuildFile; fileRef = D09924F528937124008112DB /* structPractice0UITestsLaunchTests.swift */; };
/* End PBXBuildFile section */

/* Begin PBXContainerItemProxy section */
		D09924E628937124008112DB /* PBXContainerItemProxy */ = {
			isa = PBXContainerItemProxy;
			containerPortal = D09924CC28937123008112DB /* Project object */;
			proxyType = 1;
			remoteGlobalIDString = D09924D328937123008112DB;
			remoteInfo = structPractice0;
		};
		D09924F028937124008112DB /* PBXContainerItemProxy */ = {
			isa = PBXContainerItemProxy;
			containerPortal = D09924CC28937123008112DB /* Project object */;
			proxyType = 1;
			remoteGlobalIDString = D09924D328937123008112DB;
			remoteInfo = structPractice0;
		};
/* End PBXContainerItemProxy section */

/* Begin PBXFileReference section */
		D09924D428937123008112DB /* structPractice0.app */ = {isa = PBXFileReference; explicitFileType = wrapper.application; includeInIndex = 0; path = structPractice0.app; sourceTree = BUILT_PRODUCTS_DIR; };
		D09924D728937123008112DB /* main.swift */ = {isa = PBXFileReference; lastKnownFileType = sourcecode.swift; path = main.swift; sourceTree = "<group>"; };
		D09924D928937123008112DB /* ContentView.swift */ = {isa = PBXFileReference; lastKnownFileType = sourcecode.swift; path = ContentView.swift; sourceTree = "<group>"; };
		D09924DB28937124008112DB /* Assets.xcassets */ = {isa = PBXFileReference; lastKnownFileType = folder.assetcatalog; path = Assets.xcassets; sourceTree = "<group>"; };
		D09924DE28937124008112DB /* Preview Assets.xcassets */ = {isa = PBXFileReference; lastKnownFileType = folder.assetcatalog; path = "Preview Assets.xcassets"; sourceTree = "<group>"; };
		D09924E028937124008112DB /* structPractice0.entitlements */ = {isa = PBXFileReference; lastKnownFileType = text.plist.entitlements; path = structPractice0.entitlements; sourceTree = "<group>"; };
		D09924E528937124008112DB /* structPractice0Tests.xctest */ = {isa = PBXFileReference; explicitFileType = wrapper.cfbundle; includeInIndex = 0; path = structPractice0Tests.xctest; sourceTree = BUILT_PRODUCTS_DIR; };
		D09924E928937124008112DB /* structPractice0Tests.swift */ = {isa = PBXFileReference; lastKnownFileType = sourcecode.swift; path = structPractice0Tests.swift; sourceTree = "<group>"; };
		D09924EF28937124008112DB /* structPractice0UITests.xctest */ = {isa = PBXFileReference; explicitFileType = wrapper.cfbundle; includeInIndex = 0; path = structPractice0UITests.xctest; sourceTree = BUILT_PRODUCTS_DIR; };
		D09924F328937124008112DB /* structPractice0UITests.swift */ = {isa = PBXFileReference; lastKnownFileType = sourcecode.swift; path = structPractice0UITests.swift; sourceTree = "<group>"; };
		D09924F528937124008112DB /* structPractice0UITestsLaunchTests.swift */ = {isa = PBXFileReference; lastKnownFileType = sourcecode.swift; path = structPractice0UITestsLaunchTests.swift; sourceTree = "<group>"; };
/* End PBXFileReference section */

/* Begin PBXFrameworksBuildPhase section */
		D09924D128937123008112DB /* Frameworks */ = {
			isa = PBXFrameworksBuildPhase;
			buildActionMask = 2147483647;
			files = (
			);
			runOnlyForDeploymentPostprocessing = 0;
		};
		D09924E228937124008112DB /* Frameworks */ = {
			isa = PBXFrameworksBuildPhase;
			buildActionMask = 2147483647;
			files = (
			);
			runOnlyForDeploymentPostprocessing = 0;
		};
		D09924EC28937124008112DB /* Frameworks */ = {
			isa = PBXFrameworksBuildPhase;
			buildActionMask = 2147483647;
			files = (
			);
			runOnlyForDeploymentPostprocessing = 0;
		};
/* End PBXFrameworksBuildPhase section */

/* Begin PBXGroup section */
		D09924CB28937123008112DB = {
			isa = PBXGroup;
			children = (
				D09924D628937123008112DB /* structPractice0 */,
				D09924E828937124008112DB /* structPractice0Tests */,
				D09924F228937124008112DB /* structPractice0UITests */,
				D09924D528937123008112DB /* Products */,
			);
			sourceTree = "<group>";
		};
		D09924D528937123008112DB /* Products */ = {
			isa = PBXGroup;
			children = (
				D09924D428937123008112DB /* structPractice0.app */,
				D09924E528937124008112DB /* structPractice0Tests.xctest */,
				D09924EF28937124008112DB /* structPractice0UITests.xctest */,
			);
			name = Products;
			sourceTree = "<group>";
		};
		D09924D628937123008112DB /* structPractice0 */ = {
			isa = PBXGroup;
			children = (
				D09924D728937123008112DB /* main.swift */,
				D09924D928937123008112DB /* ContentView.swift */,
				D09924DB28937124008112DB /* Assets.xcassets */,
				D09924E028937124008112DB /* structPractice0.entitlements */,
				D09924DD28937124008112DB /* Preview Content */,
			);
			path = structPractice0;
			sourceTree = "<group>";
		};
		D09924DD28937124008112DB /* Preview Content */ = {
			isa = PBXGroup;
			children = (
				D09924DE28937124008112DB /* Preview Assets.xcassets */,
			);
			path = "Preview Content";
			sourceTree = "<group>";
		};
		D09924E828937124008112DB /* structPractice0Tests */ = {
			isa = PBXGroup;
			children = (
				D09924E928937124008112DB /* structPractice0Tests.swift */,
			);
			path = structPractice0Tests;
			sourceTree = "<group>";
		};
		D09924F228937124008112DB /* structPractice0UITests */ = {
			isa = PBXGroup;
			children = (
				D09924F328937124008112DB /* structPractice0UITests.swift */,
				D09924F528937124008112DB /* structPractice0UITestsLaunchTests.swift */,
			);
			path = structPractice0UITests;
			sourceTree = "<group>";
		};
/* End PBXGroup section */

/* Begin PBXNativeTarget section */
		D09924D328937123008112DB /* structPractice0 */ = {
			isa = PBXNativeTarget;
			buildConfigurationList = D09924F928937124008112DB /* Build configuration list for PBXNativeTarget "structPractice0" */;
			buildPhases = (
				D09924D028937123008112DB /* Sources */,
				D09924D128937123008112DB /* Frameworks */,
				D09924D228937123008112DB /* Resources */,
			);
			buildRules = (
			);
			dependencies = (
			);
			name = structPractice0;
			productName = structPractice0;
			productReference = D09924D428937123008112DB /* structPractice0.app */;
			productType = "com.apple.product-type.application";
		};
		D09924E428937124008112DB /* structPractice0Tests */ = {
			isa = PBXNativeTarget;
			buildConfigurationList = D09924FC28937124008112DB /* Build configuration list for PBXNativeTarget "structPractice0Tests" */;
			buildPhases = (
				D09924E128937124008112DB /* Sources */,
				D09924E228937124008112DB /* Frameworks */,
				D09924E328937124008112DB /* Resources */,
			);
			buildRules = (
			);
			dependencies = (
				D09924E728937124008112DB /* PBXTargetDependency */,
			);
			name = structPractice0Tests;
			productName = structPractice0Tests;
			productReference = D09924E528937124008112DB /* structPractice0Tests.xctest */;
			productType = "com.apple.product-type.bundle.unit-test";
		};
		D09924EE28937124008112DB /* structPractice0UITests */ = {
			isa = PBXNativeTarget;
			buildConfigurationList = D09924FF28937124008112DB /* Build configuration list for PBXNativeTarget "structPractice0UITests" */;
			buildPhases = (
				D09924EB28937124008112DB /* Sources */,
				D09924EC28937124008112DB /* Frameworks */,
				D09924ED28937124008112DB /* Resources */,
			);
			buildRules = (
			);
			dependencies = (
				D09924F128937124008112DB /* PBXTargetDependency */,
			);
			name = structPractice0UITests;
			productName = structPractice0UITests;
			productReference = D09924EF28937124008112DB /* structPractice0UITests.xctest */;
			productType = "com.apple.product-type.bundle.ui-testing";
		};
/* End PBXNativeTarget section */

/* Begin PBXProject section */
		D09924CC28937123008112DB /* Project object */ = {
			isa = PBXProject;
			attributes = {
				BuildIndependentTargetsInParallel = 1;
				LastSwiftUpdateCheck = 1340;
				LastUpgradeCheck = 1340;
				TargetAttributes = {
					D09924D328937123008112DB = {
						CreatedOnToolsVersion = 13.4.1;
					};
					D09924E428937124008112DB = {
						CreatedOnToolsVersion = 13.4.1;
						TestTargetID = D09924D328937123008112DB;
					};
					D09924EE28937124008112DB = {
						CreatedOnToolsVersion = 13.4.1;
						TestTargetID = D09924D328937123008112DB;
					};
				};
			};
			buildConfigurationList = D09924CF28937123008112DB /* Build configuration list for PBXProject "structPractice0" */;
			compatibilityVersion = "Xcode 13.0";
			developmentRegion = en;
			hasScannedForEncodings = 0;
			knownRegions = (
				en,
				Base,
			);
			mainGroup = D09924CB28937123008112DB;
			productRefGroup = D09924D528937123008112DB /* Products */;
			projectDirPath = "";
			projectRoot = "";
			targets = (
				D09924D328937123008112DB /* structPractice0 */,
				D09924E428937124008112DB /* structPractice0Tests */,
				D09924EE28937124008112DB /* structPractice0UITests */,
			);
		};
/* End PBXProject section */

/* Begin PBXResourcesBuildPhase section */
		D09924D228937123008112DB /* Resources */ = {
			isa = PBXResourcesBuildPhase;
			buildActionMask = 2147483647;
			files = (
				D09924DF28937124008112DB /* Preview Assets.xcassets in Resources */,
				D09924DC28937124008112DB /* Assets.xcassets in Resources */,
			);
			runOnlyForDeploymentPostprocessing = 0;
		};
		D09924E328937124008112DB /* Resources */ = {
			isa = PBXResourcesBuildPhase;
			buildActionMask = 2147483647;
			files = (
			);
			runOnlyForDeploymentPostprocessing = 0;
		};
		D09924ED28937124008112DB /* Resources */ = {
			isa = PBXResourcesBuildPhase;
			buildActionMask = 2147483647;
			files = (
			);
			runOnlyForDeploymentPostprocessing = 0;
		};
/* End PBXResourcesBuildPhase section */

/* Begin PBXSourcesBuildPhase section */
		D09924D028937123008112DB /* Sources */ = {
			isa = PBXSourcesBuildPhase;
			buildActionMask = 2147483647;
			files = (
				D09924DA28937123008112DB /* ContentView.swift in Sources */,
				D09924D828937123008112DB /* main.swift in Sources */,
			);
			runOnlyForDeploymentPostprocessing = 0;
		};
		D09924E128937124008112DB /* Sources */ = {
			isa = PBXSourcesBuildPhase;
			buildActionMask = 2147483647;
			files = (
				D09924EA28937124008112DB /* structPractice0Tests.swift in Sources */,
			);
			runOnlyForDeploymentPostprocessing = 0;
		};
		D09924EB28937124008112DB /* Sources */ = {
			isa = PBXSourcesBuildPhase;
			buildActionMask = 2147483647;
			files = (
				D09924F428937124008112DB /* structPractice0UITests.swift in Sources */,
				D09924F628937124008112DB /* structPractice0UITestsLaunchTests.swift in Sources */,
			);
			runOnlyForDeploymentPostprocessing = 0;
		};
/* End PBXSourcesBuildPhase section */

/* Begin PBXTargetDependency section */
		D09924E728937124008112DB /* PBXTargetDependency */ = {
			isa = PBXTargetDependency;
			target = D09924D328937123008112DB /* structPractice0 */;
			targetProxy = D09924E628937124008112DB /* PBXContainerItemProxy */;
		};
		D09924F128937124008112DB /* PBXTargetDependency */ = {
			isa = PBXTargetDependency;
			target = D09924D328937123008112DB /* structPractice0 */;
			targetProxy = D09924F028937124008112DB /* PBXContainerItemProxy */;
		};
/* End PBXTargetDependency section */

/* Begin XCBuildConfiguration section */
		D09924F728937124008112DB /* Debug */ = {
			isa = XCBuildConfiguration;
			buildSettings = {
				ALWAYS_SEARCH_USER_PATHS = NO;
				CLANG_ANALYZER_NONNULL = YES;
				CLANG_ANALYZER_NUMBER_OBJECT_CONVERSION = YES_AGGRESSIVE;
				CLANG_CXX_LANGUAGE_STANDARD = "gnu++17";
				CLANG_ENABLE_MODULES = YES;
				CLANG_ENABLE_OBJC_ARC = YES;
				CLANG_ENABLE_OBJC_WEAK = YES;
				CLANG_WARN_BLOCK_CAPTURE_AUTORELEASING = YES;
				CLANG_WARN_BOOL_CONVERSION = YES;
				CLANG_WARN_COMMA = YES;
				CLANG_WARN_CONSTANT_CONVERSION = YES;
				CLANG_WARN_DEPRECATED_OBJC_IMPLEMENTATIONS = YES;
				CLANG_WARN_DIRECT_OBJC_ISA_USAGE = YES_ERROR;
				CLANG_WARN_DOCUMENTATION_COMMENTS = YES;
				CLANG_WARN_EMPTY_BODY = YES;
				CLANG_WARN_ENUM_CONVERSION = YES;
				CLANG_WARN_INFINITE_RECURSION = YES;
				CLANG_WARN_INT_CONVERSION = YES;
				CLANG_WARN_NON_LITERAL_NULL_CONVERSION = YES;
				CLANG_WARN_OBJC_IMPLICIT_RETAIN_SELF = YES;
				CLANG_WARN_OBJC_LITERAL_CONVERSION = YES;
				CLANG_WARN_OBJC_ROOT_CLASS = YES_ERROR;
				CLANG_WARN_QUOTED_INCLUDE_IN_FRAMEWORK_HEADER = YES;
				CLANG_WARN_RANGE_LOOP_ANALYSIS = YES;
				CLANG_WARN_STRICT_PROTOTYPES = YES;
				CLANG_WARN_SUSPICIOUS_MOVE = YES;
				CLANG_WARN_UNGUARDED_AVAILABILITY = YES_AGGRESSIVE;
				CLANG_WARN_UNREACHABLE_CODE = YES;
				CLANG_WARN__DUPLICATE_METHOD_MATCH = YES;
				COPY_PHASE_STRIP = NO;
				DEBUG_INFORMATION_FORMAT = dwarf;
				ENABLE_STRICT_OBJC_MSGSEND = YES;
				ENABLE_TESTABILITY = YES;
				GCC_C_LANGUAGE_STANDARD = gnu11;
				GCC_DYNAMIC_NO_PIC = NO;
				GCC_NO_COMMON_BLOCKS = YES;
				GCC_OPTIMIZATION_LEVEL = 0;
				GCC_PREPROCESSOR_DEFINITIONS = (
					"DEBUG=1",
					"$(inherited)",
				);
				GCC_WARN_64_TO_32_BIT_CONVERSION = YES;
				GCC_WARN_ABOUT_RETURN_TYPE = YES_ERROR;
				GCC_WARN_UNDECLARED_SELECTOR = YES;
				GCC_WARN_UNINITIALIZED_AUTOS = YES_AGGRESSIVE;
				GCC_WARN_UNUSED_FUNCTION = YES;
				GCC_WARN_UNUSED_VARIABLE = YES;
				MACOSX_DEPLOYMENT_TARGET = 12.3;
				MTL_ENABLE_DEBUG_INFO = INCLUDE_SOURCE;
				MTL_FAST_MATH = YES;
				ONLY_ACTIVE_ARCH = YES;
				SDKROOT = macosx;
				SWIFT_ACTIVE_COMPILATION_CONDITIONS = DEBUG;
				SWIFT_OPTIMIZATION_LEVEL = "-Onone";
			};
			name = Debug;
		};
		D09924F828937124008112DB /* Release */ = {
			isa = XCBuildConfiguration;
			buildSettings = {
				ALWAYS_SEARCH_USER_PATHS = NO;
				CLANG_ANALYZER_NONNULL = YES;
				CLANG_ANALYZER_NUMBER_OBJECT_CONVERSION = YES_AGGRESSIVE;
				CLANG_CXX_LANGUAGE_STANDARD = "gnu++17";
				CLANG_ENABLE_MODULES = YES;
				CLANG_ENABLE_OBJC_ARC = YES;
				CLANG_ENABLE_OBJC_WEAK = YES;
				CLANG_WARN_BLOCK_CAPTURE_AUTORELEASING = YES;
				CLANG_WARN_BOOL_CONVERSION = YES;
				CLANG_WARN_COMMA = YES;
				CLANG_WARN_CONSTANT_CONVERSION = YES;
				CLANG_WARN_DEPRECATED_OBJC_IMPLEMENTATIONS = YES;
				CLANG_WARN_DIRECT_OBJC_ISA_USAGE = YES_ERROR;
				CLANG_WARN_DOCUMENTATION_COMMENTS = YES;
				CLANG_WARN_EMPTY_BODY = YES;
				CLANG_WARN_ENUM_CONVERSION = YES;
				CLANG_WARN_INFINITE_RECURSION = YES;
				CLANG_WARN_INT_CONVERSION = YES;
				CLANG_WARN_NON_LITERAL_NULL_CONVERSION = YES;
				CLANG_WARN_OBJC_IMPLICIT_RETAIN_SELF = YES;
				CLANG_WARN_OBJC_LITERAL_CONVERSION = YES;
				CLANG_WARN_OBJC_ROOT_CLASS = YES_ERROR;
				CLANG_WARN_QUOTED_INCLUDE_IN_FRAMEWORK_HEADER = YES;
				CLANG_WARN_RANGE_LOOP_ANALYSIS = YES;
				CLANG_WARN_STRICT_PROTOTYPES = YES;
				CLANG_WARN_SUSPICIOUS_MOVE = YES;
				CLANG_WARN_UNGUARDED_AVAILABILITY = YES_AGGRESSIVE;
				CLANG_WARN_UNREACHABLE_CODE = YES;
				CLANG_WARN__DUPLICATE_METHOD_MATCH = YES;
				COPY_PHASE_STRIP = NO;
				DEBUG_INFORMATION_FORMAT = "dwarf-with-dsym";
				ENABLE_NS_ASSERTIONS = NO;
				ENABLE_STRICT_OBJC_MSGSEND = YES;
				GCC_C_LANGUAGE_STANDARD = gnu11;
				GCC_NO_COMMON_BLOCKS = YES;
				GCC_WARN_64_TO_32_BIT_CONVERSION = YES;
				GCC_WARN_ABOUT_RETURN_TYPE = YES_ERROR;
				GCC_WARN_UNDECLARED_SELECTOR = YES;
				GCC_WARN_UNINITIALIZED_AUTOS = YES_AGGRESSIVE;
				GCC_WARN_UNUSED_FUNCTION = YES;
				GCC_WARN_UNUSED_VARIABLE = YES;
				MACOSX_DEPLOYMENT_TARGET = 12.3;
				MTL_ENABLE_DEBUG_INFO = NO;
				MTL_FAST_MATH = YES;
				SDKROOT = macosx;
				SWIFT_COMPILATION_MODE = wholemodule;
				SWIFT_OPTIMIZATION_LEVEL = "-O";
			};
			name = Release;
		};
		D09924FA28937124008112DB /* Debug */ = {
			isa = XCBuildConfiguration;
			buildSettings = {
				ASSETCATALOG_COMPILER_APPICON_NAME = AppIcon;
				ASSETCATALOG_COMPILER_GLOBAL_ACCENT_COLOR_NAME = AccentColor;
				CODE_SIGN_ENTITLEMENTS = structPractice0/structPractice0.entitlements;
				CODE_SIGN_STYLE = Automatic;
				COMBINE_HIDPI_IMAGES = YES;
				CURRENT_PROJECT_VERSION = 1;
				DEVELOPMENT_ASSET_PATHS = "\"structPractice0/Preview Content\"";
				ENABLE_PREVIEWS = YES;
				GENERATE_INFOPLIST_FILE = YES;
				INFOPLIST_KEY_NSHumanReadableCopyright = "";
				LD_RUNPATH_SEARCH_PATHS = (
					"$(inherited)",
					"@executable_path/../Frameworks",
				);
				MARKETING_VERSION = 1.0;
				PRODUCT_BUNDLE_IDENTIFIER = stu.inu.201802766.structPractice0;
				PRODUCT_NAME = "$(TARGET_NAME)";
				SWIFT_EMIT_LOC_STRINGS = YES;
				SWIFT_VERSION = 5.0;
			};
			name = Debug;
		};
		D09924FB28937124008112DB /* Release */ = {
			isa = XCBuildConfiguration;
			buildSettings = {
				ASSETCATALOG_COMPILER_APPICON_NAME = AppIcon;
				ASSETCATALOG_COMPILER_GLOBAL_ACCENT_COLOR_NAME = AccentColor;
				CODE_SIGN_ENTITLEMENTS = structPractice0/structPractice0.entitlements;
				CODE_SIGN_STYLE = Automatic;
				COMBINE_HIDPI_IMAGES = YES;
				CURRENT_PROJECT_VERSION = 1;
				DEVELOPMENT_ASSET_PATHS = "\"structPractice0/Preview Content\"";
				ENABLE_PREVIEWS = YES;
				GENERATE_INFOPLIST_FILE = YES;
				INFOPLIST_KEY_NSHumanReadableCopyright = "";
				LD_RUNPATH_SEARCH_PATHS = (
					"$(inherited)",
					"@executable_path/../Frameworks",
				);
				MARKETING_VERSION = 1.0;
				PRODUCT_BUNDLE_IDENTIFIER = stu.inu.201802766.structPractice0;
				PRODUCT_NAME = "$(TARGET_NAME)";
				SWIFT_EMIT_LOC_STRINGS = YES;
				SWIFT_VERSION = 5.0;
			};
			name = Release;
		};
		D09924FD28937124008112DB /* Debug */ = {
			isa = XCBuildConfiguration;
			buildSettings = {
				ALWAYS_EMBED_SWIFT_STANDARD_LIBRARIES = YES;
				BUNDLE_LOADER = "$(TEST_HOST)";
				CODE_SIGN_STYLE = Automatic;
				CURRENT_PROJECT_VERSION = 1;
				GENERATE_INFOPLIST_FILE = YES;
				MACOSX_DEPLOYMENT_TARGET = 12.3;
				MARKETING_VERSION = 1.0;
				PRODUCT_BUNDLE_IDENTIFIER = stu.inu.201802766.structPractice0Tests;
				PRODUCT_NAME = "$(TARGET_NAME)";
				SWIFT_EMIT_LOC_STRINGS = NO;
				SWIFT_VERSION = 5.0;
				TEST_HOST = "$(BUILT_PRODUCTS_DIR)/structPractice0.app/Contents/MacOS/structPractice0";
			};
			name = Debug;
		};
		D09924FE28937124008112DB /* Release */ = {
			isa = XCBuildConfiguration;
			buildSettings = {
				ALWAYS_EMBED_SWIFT_STANDARD_LIBRARIES = YES;
				BUNDLE_LOADER = "$(TEST_HOST)";
				CODE_SIGN_STYLE = Automatic;
				CURRENT_PROJECT_VERSION = 1;
				GENERATE_INFOPLIST_FILE = YES;
				MACOSX_DEPLOYMENT_TARGET = 12.3;
				MARKETING_VERSION = 1.0;
				PRODUCT_BUNDLE_IDENTIFIER = stu.inu.201802766.structPractice0Tests;
				PRODUCT_NAME = "$(TARGET_NAME)";
				SWIFT_EMIT_LOC_STRINGS = NO;
				SWIFT_VERSION = 5.0;
				TEST_HOST = "$(BUILT_PRODUCTS_DIR)/structPractice0.app/Contents/MacOS/structPractice0";
			};
			name = Release;
		};
		D099250028937124008112DB /* Debug */ = {
			isa = XCBuildConfiguration;
			buildSettings = {
				ALWAYS_EMBED_SWIFT_STANDARD_LIBRARIES = YES;
				CODE_SIGN_STYLE = Automatic;
				CURRENT_PROJECT_VERSION = 1;
				GENERATE_INFOPLIST_FILE = YES;
				MARKETING_VERSION = 1.0;
				PRODUCT_BUNDLE_IDENTIFIER = stu.inu.201802766.structPractice0UITests;
				PRODUCT_NAME = "$(TARGET_NAME)";
				SWIFT_EMIT_LOC_STRINGS = NO;
				SWIFT_VERSION = 5.0;
				TEST_TARGET_NAME = structPractice0;
			};
			name = Debug;
		};
		D099250128937124008112DB /* Release */ = {
			isa = XCBuildConfiguration;
			buildSettings = {
				ALWAYS_EMBED_SWIFT_STANDARD_LIBRARIES = YES;
				CODE_SIGN_STYLE = Automatic;
				CURRENT_PROJECT_VERSION = 1;
				GENERATE_INFOPLIST_FILE = YES;
				MARKETING_VERSION = 1.0;
				PRODUCT_BUNDLE_IDENTIFIER = stu.inu.201802766.structPractice0UITests;
				PRODUCT_NAME = "$(TARGET_NAME)";
				SWIFT_EMIT_LOC_STRINGS = NO;
				SWIFT_VERSION = 5.0;
				TEST_TARGET_NAME = structPractice0;
			};
			name = Release;
		};
/* End XCBuildConfiguration section */

/* Begin XCConfigurationList section */
		D09924CF28937123008112DB /* Build configuration list for PBXProject "structPractice0" */ = {
			isa = XCConfigurationList;
			buildConfigurations = (
				D09924F728937124008112DB /* Debug */,
				D09924F828937124008112DB /* Release */,
			);
			defaultConfigurationIsVisible = 0;
			defaultConfigurationName = Release;
		};
		D09924F928937124008112DB /* Build configuration list for PBXNativeTarget "structPractice0" */ = {
			isa = XCConfigurationList;
			buildConfigurations = (
				D09924FA28937124008112DB /* Debug */,
				D09924FB28937124008112DB /* Release */,
			);
			defaultConfigurationIsVisible = 0;
			defaultConfigurationName = Release;
		};
		D09924FC28937124008112DB /* Build configuration list for PBXNativeTarget "structPractice0Tests" */ = {
			isa = XCConfigurationList;
			buildConfigurations = (
				D09924FD28937124008112DB /* Debug */,
				D09924FE28937124008112DB /* Release */,
			);
			defaultConfigurationIsVisible = 0;
			defaultConfigurationName = Release;
		};
		D09924FF28937124008112DB /* Build configuration list for PBXNativeTarget "structPractice0UITests" */ = {
			isa = XCConfigurationList;
			buildConfigurations = (
				D099250028937124008112DB /* Debug */,
				D099250128937124008112DB /* Release */,
			);
			defaultConfigurationIsVisible = 0;
			defaultConfigurationName = Release;
		};
/* End XCConfigurationList section */
	};
	rootObject = D09924CC28937123008112DB /* Project object */;
}
